
Microsoft Visual Studio Solution File, Format Version 12.00
# Visual Studio Version 17
VisualStudioVersion = 17.2.32630.192
MinimumVisualStudioVersion = 10.0.40219.1
Project("{8BC9CEB8-8B4A-11D0-8D11-00A0C91BC942}") = "ArrayList", "ArrayList.vcxproj", "{396B7727-6F12-4021-9F05-349011AECC19}"
EndProject
Global
	GlobalSection(SolutionConfigurationPlatforms) = preSolution
		Debug|x64 = Debug|x64
		Debug|x86 = Debug|x86
		Release|x64 = Release|x64
		Release|x86 = Release|x86
	EndGlobalSection
	GlobalSection(ProjectConfigurationPlatforms) = postSolution
		{396B7727-6F12-4021-9F05-349011AECC19}.Debug|x64.ActiveCfg = Debug|x64
		{396B7727-6F12-4021-9F05-349011AECC19}.Debug|x64.Build.0 = Debug|x64
		{396B7727-6F12-4021-9F05-349011AECC19}.Debug|x86.ActiveCfg = Debug|Win32
		{396B7727-6F12-4021-9F05-349011AECC19}.Debug|x86.Build.0 = Debug|Win32
		{396B7727-6F12-4021-9F05-349011AECC19}.Release|x64.ActiveCfg = Release|x64
		{396B7727-6F12-4021-9F05-349011AECC19}.Release|x64.Build.0 = Release|x64
		{396B7727-6F12-4021-9F05-349011AECC19}.Release|x86.ActiveCfg = Release|Win32
		{396B7727-6F12-4021-9F05-349011AECC19}.Release|x86.Build.0 = Release|Win32
	EndGlobalSection
	GlobalSection(SolutionProperties) = preSolution
		HideSolutionNode = FALSE
	EndGlobalSection
	GlobalSection(ExtensibilityGlobals) = postSolution
		SolutionGuid = {2D91177B-0EC2-47EC-B2D0-9E62D9EA323F}
	EndGlobalSection
EndGlobal
